<?xml version="1.0" encoding="utf-8"?>
<Project ToolsVersion="4.0" xmlns="http://schemas.microsoft.com/developer/msbuild/2003">
  <ItemGroup>
    <ClCompile Include="GeneratedFiles\Debug\moc_hostednetworkcontroller.cpp" />
    <ClCompile Include="GeneratedFiles\Debug\moc_icscontroller.cpp" />
    <ClCompile Include="GeneratedFiles\Debug\moc_inssidiouscore.cpp" />
    <ClCompile Include="GeneratedFiles\Debug\moc_tampercontroller.cpp" />
    <ClCompile Include="GeneratedFiles\Release\moc_hostednetworkcontroller.cpp" />
    <ClCompile Include="GeneratedFiles\Release\moc_icscontroller.cpp" />
    <ClCompile Include="GeneratedFiles\Release\moc_inssidiouscore.cpp" />
    <ClCompile Include="GeneratedFiles\Release\moc_tampercontroller.cpp" />
    <ClCompile Include="Controllers\HostedNetworkController.cpp" />
    <ClCompile Include="Controllers\ICSController.cpp" />
    <ClCompile Include="InssidiousCore.cpp" />
    <ClCompile Include="Controllers\TamperController.cpp" />
    <ClCompile Include="PacketTamper\PacketList.cpp">
      <Filter>Source Files</Filter>
    </ClCompile>
    <ClCompile Include="PacketTamper\PacketTamperModule.cpp">
      <Filter>Source Files</Filter>
    </ClCompile>
    <ClCompile Include="Controllers\DivertController.cpp">
      <Filter>Source Files</Filter>
    </ClCompile>
    <ClCompile Include="GeneratedFiles\Debug\moc_DivertController.cpp">
      <Filter>Generated Files\Debug</Filter>
    </ClCompile>
    <ClCompile Include="GeneratedFiles\Release\moc_DivertController.cpp">
      <Filter>Generated Files\Release</Filter>
    </ClCompile>
  </ItemGroup>
  <ItemGroup>
    <CustomBuild Include="Controllers\TamperController.h" />
    <CustomBuild Include="Controllers\HostedNetworkController.h" />
    <CustomBuild Include="Controllers\ICSController.h" />
    <CustomBuild Include="InssidiousCore.h" />
    <CustomBuild Include="Controllers\DivertController.h">
      <Filter>Header Files</Filter>
    </CustomBuild>
  </ItemGroup>
  <ItemGroup>
    <Filter Include="Source Files">
      <UniqueIdentifier>{4FC737F1-C7A5-4376-A066-2A32D752A2FF}</UniqueIdentifier>
      <Extensions>cpp;cxx;c;def</Extensions>
      <ParseFiles>true</ParseFiles>
    </Filter>
    <Filter Include="Header Files">
      <UniqueIdentifier>{93995380-89BD-4b04-88EB-625FBE52EBFB}</UniqueIdentifier>
      <Extensions>h</Extensions>
      <ParseFiles>true</ParseFiles>
    </Filter>
    <Filter Include="Generated Files">
      <UniqueIdentifier>{71ED8ED8-ACB9-4CE9-BBE1-E00B30144E11}</UniqueIdentifier>
      <Extensions>moc;h;cpp</Extensions>
      <ParseFiles>true</ParseFiles>
    </Filter>
    <Filter Include="Generated Files\Debug">
      <UniqueIdentifier>{48d59af7-f793-4cdb-8c53-a690ca41bd92}</UniqueIdentifier>
      <Extensions>cpp;moc</Extensions>
      <SourceControlFiles>False</SourceControlFiles>
    </Filter>
    <Filter Include="Generated Files\Release">
      <UniqueIdentifier>{e13ce721-c1df-4743-b6e5-c9290cb3bf1a}</UniqueIdentifier>
      <Extensions>cpp;moc</Extensions>
      <SourceControlFiles>False</SourceControlFiles>
    </Filter>
  </ItemGroup>
  <ItemGroup>
    <ClInclude Include="PacketTamper\PacketList.h">
      <Filter>Header Files</Filter>
    </ClInclude>
    <ClInclude Include="PacketTamper\PacketTamperModule.h">
      <Filter>Header Files</Filter>
    </ClInclude>
  </ItemGroup>
</Project>