<?xml version="1.0" encoding="utf-8"?>
<Project ToolsVersion="4.0" xmlns="http://schemas.microsoft.com/developer/msbuild/2003">
  <ItemGroup>
    <ClCompile Include="GeneratedFiles\Debug\moc_inssidiousui.cpp" />
    <ClCompile Include="GeneratedFiles\Debug\moc_StartWidget.cpp" />
    <ClCompile Include="GeneratedFiles\Debug\moc_TamperWidget.cpp" />
    <ClCompile Include="GeneratedFiles\qrc_inssidiousui.cpp" />
    <ClCompile Include="GeneratedFiles\Release\moc_inssidiousui.cpp" />
    <ClCompile Include="GeneratedFiles\Release\moc_StartWidget.cpp" />
    <ClCompile Include="GeneratedFiles\Release\moc_TamperWidget.cpp" />
    <ClCompile Include="InssidiousUi.cpp" />
    <ClCompile Include="main.cpp" />
    <ClCompile Include="Widgets\StartWidget.cpp" />
    <ClCompile Include="Controllers\UiDeviceController.cpp">
      <Filter>Source Files</Filter>
    </ClCompile>
    <ClCompile Include="GeneratedFiles\Debug\moc_UiDeviceController.cpp">
      <Filter>Generated Files\Debug</Filter>
    </ClCompile>
    <ClCompile Include="GeneratedFiles\Release\moc_UiDeviceController.cpp">
      <Filter>Generated Files\Release</Filter>
    </ClCompile>
    <ClCompile Include="Widgets\TamperWidget.cpp">
      <Filter>Source Files</Filter>
    </ClCompile>
    <ClCompile Include="GeneratedFiles\Debug\moc_TamperWidget.cpp">
      <Filter>Generated Files\Debug</Filter>
    </ClCompile>
    <ClCompile Include="GeneratedFiles\Release\moc_TamperWidget.cpp">
      <Filter>Generated Files\Release</Filter>
    </ClCompile>
    <ClCompile Include="Widgets\Tamper\UiTamperModule.cpp">
      <Filter>Source Files</Filter>
    </ClCompile>
    <ClCompile Include="GeneratedFiles\Debug\moc_UiTamperModule.cpp">
      <Filter>Generated Files\Debug</Filter>
    </ClCompile>
    <ClCompile Include="GeneratedFiles\Release\moc_UiTamperModule.cpp">
      <Filter>Generated Files\Release</Filter>
    </ClCompile>
    <ClCompile Include="Widgets\Tamper\UiTamperSpeed.cpp">
      <Filter>Source Files</Filter>
    </ClCompile>
    <ClCompile Include="GeneratedFiles\Debug\moc_UiTamperSpeed.cpp">
      <Filter>Generated Files\Debug</Filter>
    </ClCompile>
    <ClCompile Include="GeneratedFiles\Release\moc_UiTamperSpeed.cpp">
      <Filter>Generated Files\Release</Filter>
    </ClCompile>
    <ClCompile Include="Widgets\Tamper\UiTamperNoInternet.cpp">
      <Filter>Source Files</Filter>
    </ClCompile>
    <ClCompile Include="GeneratedFiles\Debug\moc_UiTamperNoInternet.cpp">
      <Filter>Generated Files\Debug</Filter>
    </ClCompile>
    <ClCompile Include="GeneratedFiles\Release\moc_UiTamperNoInternet.cpp">
      <Filter>Generated Files\Release</Filter>
    </ClCompile>
    <ClCompile Include="Widgets\Tamper\UiTamperNoServer.cpp">
      <Filter>Source Files</Filter>
    </ClCompile>
    <ClCompile Include="GeneratedFiles\Debug\moc_UiTamperNoServer.cpp">
      <Filter>Generated Files\Debug</Filter>
    </ClCompile>
    <ClCompile Include="GeneratedFiles\Release\moc_UiTamperNoServer.cpp">
      <Filter>Generated Files\Release</Filter>
    </ClCompile>
    <ClCompile Include="Widgets\Tamper\UiTamperConditions.cpp">
      <Filter>Source Files</Filter>
    </ClCompile>
    <ClCompile Include="GeneratedFiles\Debug\moc_UiTamperConditions.cpp">
      <Filter>Generated Files\Debug</Filter>
    </ClCompile>
    <ClCompile Include="Widgets\Tamper\UiTamperFirewall.cpp">
      <Filter>Source Files</Filter>
    </ClCompile>
    <ClCompile Include="GeneratedFiles\Debug\moc_UiTamperFirewall.cpp">
      <Filter>Generated Files\Debug</Filter>
    </ClCompile>
    <ClCompile Include="GeneratedFiles\Release\moc_UiTamperFirewall.cpp">
      <Filter>Generated Files\Release</Filter>
    </ClCompile>
    <ClCompile Include="Widgets\NewDeviceWidget.cpp">
      <Filter>Source Files</Filter>
    </ClCompile>
    <ClCompile Include="GeneratedFiles\Debug\moc_NewDeviceWidget.cpp">
      <Filter>Generated Files\Debug</Filter>
    </ClCompile>
    <ClCompile Include="GeneratedFiles\Release\moc_NewDeviceWidget.cpp">
      <Filter>Generated Files\Release</Filter>
    </ClCompile>
    <ClCompile Include="Widgets\Tamper\ConfigureServersDialog.cpp">
      <Filter>Source Files</Filter>
    </ClCompile>
    <ClCompile Include="GeneratedFiles\Debug\moc_ConfigureServersDialog.cpp">
      <Filter>Generated Files\Debug</Filter>
    </ClCompile>
    <ClCompile Include="GeneratedFiles\Release\moc_ConfigureServersDialog.cpp">
      <Filter>Generated Files\Release</Filter>
    </ClCompile>
    <ClCompile Include="GeneratedFiles\Debug\moc_UiTamperDamage.cpp">
      <Filter>Generated Files\Debug</Filter>
    </ClCompile>
    <ClCompile Include="GeneratedFiles\Release\moc_UiTamperDamage.cpp">
      <Filter>Generated Files\Release</Filter>
    </ClCompile>
    <ClCompile Include="Widgets\Tamper\UiTamperDamage.cpp">
      <Filter>Source Files</Filter>
    </ClCompile>
    <ClCompile Include="GeneratedFiles\Debug\moc_UiTamperWebServiceFailures.cpp">
      <Filter>Generated Files\Debug</Filter>
    </ClCompile>
    <ClCompile Include="GeneratedFiles\Release\moc_UiTamperWebServiceFailures.cpp">
      <Filter>Generated Files\Release</Filter>
    </ClCompile>
    <ClCompile Include="Widgets\Tamper\UiTamperWebServiceFailures.cpp">
      <Filter>Source Files</Filter>
    </ClCompile>
    <ClCompile Include="GeneratedFiles\Debug\moc_UiTamperNoWebContent.cpp">
      <Filter>Generated Files\Debug</Filter>
    </ClCompile>
    <ClCompile Include="GeneratedFiles\Release\moc_UiTamperNoWebContent.cpp">
      <Filter>Generated Files\Release</Filter>
    </ClCompile>
    <ClCompile Include="Widgets\Tamper\UiTamperNoWebContent.cpp">
      <Filter>Source Files</Filter>
    </ClCompile>
  </ItemGroup>
  <ItemGroup>
    <CustomBuild Include="InssidiousUi.h" />
    <CustomBuild Include="inssidiousui.qrc" />
    <CustomBuild Include="Widgets\StartWidget.h" />
    <CustomBuild Include="Controllers\UiDeviceController.h">
      <Filter>Header Files</Filter>
    </CustomBuild>
    <CustomBuild Include="Widgets\TamperWidget.h">
      <Filter>Header Files</Filter>
    </CustomBuild>
    <CustomBuild Include="Widgets\Tamper\UiTamperModule.h">
      <Filter>Header Files</Filter>
    </CustomBuild>
    <CustomBuild Include="Widgets\Tamper\UiTamperSpeed.h">
      <Filter>Header Files</Filter>
    </CustomBuild>
    <CustomBuild Include="Widgets\Tamper\UiTamperNoInternet.h">
      <Filter>Header Files</Filter>
    </CustomBuild>
    <CustomBuild Include="Widgets\Tamper\UiTamperNoServer.h">
      <Filter>Header Files</Filter>
    </CustomBuild>
    <CustomBuild Include="Widgets\Tamper\UiTamperConditions.h">
      <Filter>Header Files</Filter>
    </CustomBuild>
    <CustomBuild Include="Widgets\Tamper\UiTamperFirewall.h">
      <Filter>Header Files</Filter>
    </CustomBuild>
    <CustomBuild Include="Widgets\NewDeviceWidget.h">
      <Filter>Header Files</Filter>
    </CustomBuild>
    <CustomBuild Include="GeneratedFiles\Debug\StartWidget.moc">
      <Filter>Generated Files\Debug</Filter>
    </CustomBuild>
    <CustomBuild Include="Widgets\Tamper\ConfigureServersDialog.h">
      <Filter>Header Files</Filter>
    </CustomBuild>
    <CustomBuild Include="Widgets\Tamper\UiTamperDamage.h">
      <Filter>Header Files</Filter>
    </CustomBuild>
    <CustomBuild Include="Widgets\Tamper\UiTamperWebServiceFailures.h">
      <Filter>Header Files</Filter>
    </CustomBuild>
    <CustomBuild Include="Widgets\Tamper\UiTamperNoWebContent.h">
      <Filter>Header Files</Filter>
    </CustomBuild>
  </ItemGroup>
  <ItemGroup>
    <Image Include="Resources\Background.png" />
    <Image Include="Resources\HeaderSid.png" />
    <Image Include="Resources\MenuDefault.png" />
    <Image Include="Resources\MenuHover.png" />
    <Image Include="Resources\MenuPressed.png" />
    <Image Include="Resources\StartButtonActive.png" />
    <Image Include="Resources\StartButtonDisabled.png" />
    <Image Include="Resources\StartButtonHover.png" />
    <Image Include="Resources\StartButtonPressed.png" />
    <Image Include="Resources\StartLogo.png" />
    <Image Include="Resources\TabActive.png" />
    <Image Include="Resources\TabActiveHover.png" />
    <Image Include="Resources\TabActivePressed.png" />
    <Image Include="Resources\TabInactive.png" />
    <Image Include="Resources\TabInactiveHover.png" />
    <Image Include="Resources\TabInactivePressed.png" />
    <Image Include="Resources\TabsDevicesPresent.png" />
    <Image Include="Resources\TabsNoDevices.png" />
    <Image Include="Resources\TamperButtonActive.png" />
    <Image Include="Resources\TamperButtonActiveHover.png" />
    <Image Include="Resources\TamperButtonActivePressed.png" />
    <Image Include="Resources\TamperButtonInactive.png" />
    <Image Include="Resources\TamperButtonInactiveHover.png" />
    <Image Include="Resources\TamperButtonInactivePressed.png" />
    <Image Include="Resources\BackgroundRunning.png" />
    <Image Include="Resources\BackgroundStart.png" />
    <Image Include="Resources\ButtonLeftActive.png" />
    <Image Include="Resources\ButtonLeftInactive.png" />
    <Image Include="Resources\ButtonMiddleActive.png" />
    <Image Include="Resources\ButtonMiddleInactive.png" />
    <Image Include="Resources\ButtonRightActive.png" />
    <Image Include="Resources\ButtonRightInactive.png" />
    <Image Include="Resources\CloseDefault.png" />
    <Image Include="Resources\MinimizeDefault.png" />
    <Image Include="Resources\SettingsDefault.png" />
    <Image Include="Resources\TamperCorruptActive.png" />
    <Image Include="Resources\TamperCorruptInactive.png" />
    <Image Include="Resources\TamperDropActive.png" />
    <Image Include="Resources\TamperDropInactive.png" />
    <Image Include="Resources\TamperLagActive.png" />
    <Image Include="Resources\TamperLagInactive.png" />
    <Image Include="Inssidious.ico" />
    <Image Include="Resources\CloseHover.png" />
    <Image Include="Resources\ClosePressed.png" />
    <Image Include="Resources\MinimizeHover.png" />
    <Image Include="Resources\MinimizePressed.png" />
    <Image Include="Resources\NetworkNameIcon.png" />
    <Image Include="Resources\NetworkPasswordIcon.png" />
    <Image Include="Resources\SettingsHover.png" />
    <Image Include="Resources\SettingsPressed.png" />
    <Image Include="Resources\TamperWidgetBackground.png" />
    <Image Include="Resources\TamperComingSoon.png" />
  </ItemGroup>
  <ItemGroup>
    <Filter Include="Header Files">
      <UniqueIdentifier>{93995380-89BD-4b04-88EB-625FBE52EBFB}</UniqueIdentifier>
      <Extensions>h</Extensions>
      <ParseFiles>true</ParseFiles>
    </Filter>
    <Filter Include="Source Files">
      <UniqueIdentifier>{4FC737F1-C7A5-4376-A066-2A32D752A2FF}</UniqueIdentifier>
      <Extensions>cpp;cxx;c;def</Extensions>
      <ParseFiles>true</ParseFiles>
    </Filter>
    <Filter Include="Generated Files">
      <UniqueIdentifier>{71ED8ED8-ACB9-4CE9-BBE1-E00B30144E11}</UniqueIdentifier>
      <Extensions>moc;h;cpp</Extensions>
      <ParseFiles>true</ParseFiles>
    </Filter>
    <Filter Include="Generated Files\Debug">
      <UniqueIdentifier>{b8b22818-3c2b-4efc-9aaf-3efe6a34e02d}</UniqueIdentifier>
      <Extensions>cpp;moc</Extensions>
      <SourceControlFiles>False</SourceControlFiles>
    </Filter>
    <Filter Include="Generated Files\Release">
      <UniqueIdentifier>{5368ba18-26ce-49c9-9c8d-e96d8d8252f9}</UniqueIdentifier>
      <Extensions>cpp;moc</Extensions>
      <SourceControlFiles>False</SourceControlFiles>
    </Filter>
  </ItemGroup>
  <ItemGroup>
    <ClInclude Include="resource.h">
      <Filter>Header Files</Filter>
    </ClInclude>
  </ItemGroup>
  <ItemGroup>
    <ResourceCompile Include="InssidiousUi.rc" />
  </ItemGroup>
</Project>